{
  "name": "@twlibn/cli",
  "version": "0.0.1",
  "lockfileVersion": 3,
  "requires": true,
  "packages": {
    "": {
      "name": "@twlibn/cli",
      "version": "0.0.1",
      "license": "MIT",
      "dependencies": {
        "@twlibn/core": "^0.0.5",
        "@twlibn/demo": "^0.0.3",
        "@twlibn/map": "^0.1.2",
        "@twlibn/message": "file:../message",
        "@twlibn/snapshot": "^0.0.3",
        "commander": "^14.0.0"
      },
      "bin": {
        "twlibn": "lib/index.js"
      },
      "devDependencies": {
        "@types/node": "^25.9.1"
      }
    },
    "../message": {
      "name": "@twlibn/message",
      "version": "0.0.1",
      "license": "MIT",
      "dependencies": {
        "@twlibn/core": "^0.0.5"
      },
      "devDependencies": {
        "@types/node": "^25.9.1"
      }
    },
    "node_modules/@twlibn/core": {
      "version": "0.0.5",
      "resolved": "https://registry.npmjs.org/@twlibn/core/-/core-0.0.5.tgz",
      "integrity": "sha512-g3HTWo0GtQMv43yPXbHl0UypEReag6tIdK9H5pX2BfUFKTTruNRpwJdhvs+b1OCOAo2Z1wEhGXEigpoNHzSEXA==",
      "license": "MIT"
    },
    "node_modules/@twlibn/demo": {
      "version": "0.0.3",
      "resolved": "https://registry.npmjs.org/@twlibn/demo/-/demo-0.0.3.tgz",
      "integrity": "sha512-jl/X3vbY3CuPb41iyqKN0/1sXjpziaoDPBPvk6oxs0ehDgXh7Vqyqb8FeonK6evAhs+9g53xNA7l7RuW4+ttYQ==",
      "license": "MIT",
      "dependencies": {
        "@twlibn/core": "^0.0.2"
      }
    },
    "node_modules/@twlibn/demo/node_modules/@twlibn/core": {
      "version": "0.0.2",
      "resolved": "https://registry.npmjs.org/@twlibn/core/-/core-0.0.2.tgz",
      "integrity": "sha512-0udgMnD60HJh335D3TWnloSF/N+VFHl/bQwr2I27Dhv1n+2DBAj/WsCYfuyylKoKdpfptJM+7Pwti71hx0ms/g==",
      "license": "MIT"
    },
    "node_modules/@twlibn/map": {
      "version": "0.1.2",
      "resolved": "https://registry.npmjs.org/@twlibn/map/-/map-0.1.2.tgz",
      "integrity": "sha512-Xz45ByAag26O/bCH6clfNkbLPLkwATr3eA9PxvX3LmF9Slc7oMFzQH699nL/NRbmMwS9K9vDX5lERKg1NJ5UIw==",
      "license": "MIT",
      "dependencies": {
        "@twlibn/core": "^0.0.5"
      }
    },
    "node_modules/@twlibn/message": {
      "resolved": "../message",
      "link": true
    },
    "node_modules/@twlibn/snapshot": {
      "version": "0.0.3",
      "resolved": "https://registry.npmjs.org/@twlibn/snapshot/-/snapshot-0.0.3.tgz",
      "integrity": "sha512-hLHQs7ji+aEQrpXXS9R6zTL3us9Ag1k9NCRR60VUkt8oB+HSyw+marn6Cp67+2bFxg0t4TW/lUGf/tKY/9OJfQ==",
      "license": "MIT",
      "dependencies": {
        "@twlibn/core": "^0.0.1"
      }
    },
    "node_modules/@twlibn/snapshot/node_modules/@twlibn/core": {
      "version": "0.0.1",
      "resolved": "https://registry.npmjs.org/@twlibn/core/-/core-0.0.1.tgz",
      "integrity": "sha512-mX5kga2+yBJiWcw5gc//SmzxItBSAmInHwFjC+8QGdSzmREIUS7CQ176QMrdQHjblGFZewj47/DGr6nDhELRXA==",
      "license": "MIT"
    },
    "node_modules/@types/node": {
      "version": "25.9.3",
      "resolved": "https://registry.npmjs.org/@types/node/-/node-25.9.3.tgz",
      "integrity": "sha512-603BddQMv3pUcr4U2dhujk83N2tTDVr/34wII2B6bJy6g+8WD6yUb11jszNs0gdi4PesVWl7ABt8nYMVpnLUcg==",
      "dev": true,
      "license": "MIT",
      "dependencies": {
        "undici-types": ">=7.24.0 <7.24.7"
      }
    },
    "node_modules/commander": {
      "version": "14.0.3",
      "resolved": "https://registry.npmjs.org/commander/-/commander-14.0.3.tgz",
      "integrity": "sha512-H+y0Jo/T1RZ9qPP4Eh1pkcQcLRglraJaSLoyOtHxu6AapkjWVCy2Sit1QQ4x3Dng8qDlSsZEet7g5Pq06MvTgw==",
      "license": "MIT",
      "engines": {
        "node": ">=20"
      }
    },
    "node_modules/undici-types": {
      "version": "7.24.6",
      "resolved": "https://registry.npmjs.org/undici-types/-/undici-types-7.24.6.tgz",
      "integrity": "sha512-WRNW+sJgj5OBN4/0JpHFqtqzhpbnV0GuB+OozA9gCL7a993SmU+1JBZCzLNxYsbMfIeDL+lTsphD5jN5N+n0zg==",
      "dev": true,
      "license": "MIT"
    }
  }
}
